{
    "_readme": [
        "This file locks the dependencies of your project to a known state",
        "Read more about it at http://getcomposer.org/doc/01-basic-usage.md#composer-lock-the-lock-file",
        "This file is @generated automatically"
    ],
    "hash": "425714d2d6ba0532284cfe5dc87ebb11",
    "packages": [
        {
            "name": "99designs/http-signatures",
            "version": "v1.1.0",
            "source": {
                "type": "git",
                "url": "https://github.com/99designs/http-signatures-php.git",
                "reference": "2ac36e88a0b1c52b6e87aad8e35cfdee80c2a772"
            },
            "dist": {
                "type": "zip",
                "url": "https://api.github.com/repos/99designs/http-signatures-php/zipball/2ac36e88a0b1c52b6e87aad8e35cfdee80c2a772",
                "reference": "2ac36e88a0b1c52b6e87aad8e35cfdee80c2a772",
                "shasum": ""
            },
            "require": {
                "php": ">=5.3.0",
                "symfony/http-foundation": "~2.5"
            },
            "require-dev": {
                "phpunit/phpunit": "~4.1"
            },
            "type": "library",
            "autoload": {
                "psr-4": {
                    "HttpSignatures\\": "src/"
                }
            },
            "notification-url": "https://packagist.org/downloads/",
            "license": [
                "MIT"
            ],
            "authors": [
                {
                    "name": "Paul Annesley",
                    "email": "paul@99designs.com"
                }
            ],
            "description": "Sign and verify HTTP messages",
            "homepage": "https://github.com/99designs/http-signatures-php",
            "keywords": [
                "hmac",
                "http",
                "https",
                "signature",
                "signed",
                "signing"
            ],
            "time": "2014-08-05 23:02:51"
        },
        {
            "name": "99designs/http-signatures-guzzlehttp",
            "version": "1.0.0",
            "source": {
                "type": "git",
                "url": "https://github.com/99designs/http-signatures-guzzlehttp.git",
                "reference": "81cfb71949fc221b55f12d284580a6eadbc84abe"
            },
            "dist": {
                "type": "zip",
                "url": "https://api.github.com/repos/99designs/http-signatures-guzzlehttp/zipball/81cfb71949fc221b55f12d284580a6eadbc84abe",
                "reference": "81cfb71949fc221b55f12d284580a6eadbc84abe",
                "shasum": ""
            },
            "require": {
                "99designs/http-signatures": "~1.1",
                "guzzlehttp/guzzle": "~4.2",
                "php": ">=5.4.0"
            },
            "require-dev": {
                "phpunit/phpunit": "~4.1"
            },
            "type": "library",
            "autoload": {
                "psr-4": {
                    "": "src/"
                }
            },
            "notification-url": "https://packagist.org/downloads/",
            "license": [
                "MIT"
            ],
            "authors": [
                {
                    "name": "Adrian Palmer",
                    "email": "adrian.palmer@99designs.com"
                },
                {
                    "name": "Ruben de Vries",
                    "email": "ruben@blocktrail.com"
                }
            ],
            "description": "Sign and verify HTTP messages with Guzzle 4",
            "homepage": "https://github.com/99designs/http-signatures-guzzlehttp",
            "keywords": [
                "guzzle 4",
                "hmac",
                "http",
                "https",
                "signature",
                "signed",
                "signing"
            ],
            "time": "2014-10-27 23:15:56"
        },
        {
            "name": "blocktrail/bitcoin-lib",
            "version": "v1.0.6",
            "source": {
                "type": "git",
                "url": "https://github.com/blocktrail/bitcoin-lib-php.git",
                "reference": "db9c84db391227e669ee08d1cdc821cf53e0680a"
            },
            "dist": {
                "type": "zip",
                "url": "https://api.github.com/repos/blocktrail/bitcoin-lib-php/zipball/db9c84db391227e669ee08d1cdc821cf53e0680a",
                "reference": "db9c84db391227e669ee08d1cdc821cf53e0680a",
                "shasum": ""
            },
            "require": {
                "ext-gmp": "*",
                "ext-mcrypt": "*",
                "mdanter/ecc": "0.2.0",
                "php": ">=5.3.3"
            },
            "require-dev": {
                "phpunit/phpunit": "~3.7",
                "squizlabs/php_codesniffer": "~1.5"
            },
            "suggest": {
                "ext-bcmath": "*",
                "ext-intl": "Required for BIP39 Mnemonic Seeds with UTF-8 passphrases"
            },
            "type": "library",
            "autoload": {
                "psr-4": {
                    "BitWasp\\BitcoinLib\\": "src/"
                }
            },
            "notification-url": "https://packagist.org/downloads/",
            "license": [
                "Unlicense"
            ],
            "authors": [
                {
                    "name": "Thomas Kerin",
                    "email": "thomas.kerin@gmail.com"
                },
                {
                    "name": "Ruben de Vries",
                    "email": "ruben@blocktrail.com"
                }
            ],
            "description": "Fork of bitwasp/bitcoin-lib to be able to publish and use unmerged pull requests.",
            "keywords": [
                "HD wallet",
                "bip32",
                "bitcoin",
                "btc",
                "cryptocurrency",
                "ecc",
                "electrum",
                "php",
                "transactions"
            ],
            "time": "2015-01-06 15:58:00"
        },
        {
            "name": "blocktrail/blocktrail-sdk",
            "version": "v1.2.5",
            "source": {
                "type": "git",
                "url": "https://github.com/blocktrail/blocktrail-sdk-php.git",
                "reference": "83eeb4894012414de26dbf2abc3677e927d36b0b"
            },
            "dist": {
                "type": "zip",
                "url": "https://api.github.com/repos/blocktrail/blocktrail-sdk-php/zipball/83eeb4894012414de26dbf2abc3677e927d36b0b",
                "reference": "83eeb4894012414de26dbf2abc3677e927d36b0b",
                "shasum": ""
            },
            "require": {
                "99designs/http-signatures-guzzlehttp": "1.0.0",
                "blocktrail/bitcoin-lib": "1.0.6",
                "ext-bcmath": "*",
                "ext-gmp": "*",
                "ext-intl": "*",
                "ext-mcrypt": "*",
                "guzzlehttp/guzzle": "4.2.*",
                "mdanter/ecc": "0.2.0",
                "php": ">=5.4.0",
                "rhumsaa/array_column": "~1.1",
                "rych/hash_pbkdf2-compat": "~1.0"
            },
            "require-dev": {
                "phpunit/phpunit": "4.3.*",
                "squizlabs/php_codesniffer": "1.*"
            },
            "type": "library",
            "autoload": {
                "psr-4": {
                    "Blocktrail\\SDK\\": "src/"
                }
            },
            "notification-url": "https://packagist.org/downloads/",
            "license": [
                "MIT"
            ],
            "authors": [
                {
                    "name": "Ruben de Vries",
                    "email": "ruben@blocktrail.com"
                },
                {
                    "name": "Oisin Akiboye Conolly",
                    "email": "oisin@blocktrail.com"
                }
            ],
            "description": "The BlockTrail PHP SDK, for integration of Bitcoin functionality through the BlockTrail API",
            "keywords": [
                "api",
                "bitcoin",
                "bitcoin data",
                "blockchain",
                "blocktrail",
                "multi-signature",
                "payment",
                "sdk",
                "transaction",
                "wallet"
            ],
            "time": "2015-01-23 15:45:11"
        },
        {
            "name": "guzzlehttp/guzzle",
            "version": "4.2.3",
            "source": {
                "type": "git",
                "url": "https://github.com/guzzle/guzzle.git",
                "reference": "66fd916e9f9130bc22c51450476823391cb2f67c"
            },
            "dist": {
                "type": "zip",
                "url": "https://api.github.com/repos/guzzle/guzzle/zipball/66fd916e9f9130bc22c51450476823391cb2f67c",
                "reference": "66fd916e9f9130bc22c51450476823391cb2f67c",
                "shasum": ""
            },
            "require": {
                "ext-json": "*",
                "guzzlehttp/streams": "~2.1",
                "php": ">=5.4.0"
            },
            "require-dev": {
                "ext-curl": "*",
                "phpunit/phpunit": "~4.0",
                "psr/log": "~1.0"
            },
            "suggest": {
                "ext-curl": "Guzzle will use specific adapters if cURL is present"
            },
            "type": "library",
            "extra": {
                "branch-alias": {
                    "dev-master": "4.2-dev"
                }
            },
            "autoload": {
                "psr-4": {
                    "GuzzleHttp\\": "src/"
                },
                "files": [
                    "src/functions.php"
                ]
            },
            "notification-url": "https://packagist.org/downloads/",
            "license": [
                "MIT"
            ],
            "authors": [
                {
                    "name": "Michael Dowling",
                    "email": "mtdowling@gmail.com",
                    "homepage": "https://github.com/mtdowling"
                }
            ],
            "description": "Guzzle is a PHP HTTP client library and framework for building RESTful web service clients",
            "homepage": "http://guzzlephp.org/",
            "keywords": [
                "client",
                "curl",
                "framework",
                "http",
                "http client",
                "rest",
                "web service"
            ],
            "time": "2014-10-05 19:29:14"
        },
        {
            "name": "guzzlehttp/streams",
            "version": "2.1.0",
            "source": {
                "type": "git",
                "url": "https://github.com/guzzle/streams.git",
                "reference": "f91b721d73f0e561410903b3b3c90a5d0e40b534"
            },
            "dist": {
                "type": "zip",
                "url": "https://api.github.com/repos/guzzle/streams/zipball/f91b721d73f0e561410903b3b3c90a5d0e40b534",
                "reference": "f91b721d73f0e561410903b3b3c90a5d0e40b534",
                "shasum": ""
            },
            "require": {
                "php": ">=5.4.0"
            },
            "require-dev": {
                "phpunit/phpunit": "~4.0"
            },
            "type": "library",
            "extra": {
                "branch-alias": {
                    "dev-master": "2.0-dev"
                }
            },
            "autoload": {
                "psr-4": {
                    "GuzzleHttp\\Stream\\": "src/"
                },
                "files": [
                    "src/functions.php"
                ]
            },
            "notification-url": "https://packagist.org/downloads/",
            "license": [
                "MIT"
            ],
            "authors": [
                {
                    "name": "Michael Dowling",
                    "email": "mtdowling@gmail.com",
                    "homepage": "https://github.com/mtdowling"
                }
            ],
            "description": "Provides a simple abstraction over streams of data (Guzzle 4+)",
            "homepage": "http://guzzlephp.org/",
            "keywords": [
                "Guzzle",
                "stream"
            ],
            "time": "2014-08-17 21:15:53"
        },
        {
            "name": "mdanter/ecc",
            "version": "0.2.0",
            "source": {
                "type": "git",
                "url": "https://github.com/mdanter/phpecc.git",
                "reference": "ca9d127114e087bdeac24ada488631f18ae80d3f"
            },
            "dist": {
                "type": "zip",
                "url": "https://api.github.com/repos/mdanter/phpecc/zipball/ca9d127114e087bdeac24ada488631f18ae80d3f",
                "reference": "ca9d127114e087bdeac24ada488631f18ae80d3f",
                "shasum": ""
            },
            "require": {
                "php": ">=5.3.3"
            },
            "require-dev": {
                "phpunit/phpunit": "~4.1",
                "squizlabs/php_codesniffer": "~1.5"
            },
            "suggest": {
                "ext-bcmath": "Required if GMP is not installed.",
                "ext-gmp": "Improves drastically ECDSA library performance"
            },
            "type": "library",
            "autoload": {
                "psr-4": {
                    "Mdanter\\Ecc\\Tests\\": "tests/unit",
                    "Mdanter\\Ecc\\": "src/"
                }
            },
            "notification-url": "https://packagist.org/downloads/",
            "license": [
                "MIT"
            ],
            "authors": [
                {
                    "name": "Matyas Danter",
                    "homepage": "http://matejdanter.com/",
                    "role": "Author"
                },
                {
                    "name": "Thibaud Fabre",
                    "email": "thibaud@aztech.io",
                    "homepage": "http://aztech.io",
                    "role": "Maintainer"
                },
                {
                    "name": "Drak",
                    "email": "drak@zikula.org",
                    "homepage": "http://zikula.org",
                    "role": "Maintainer"
                }
            ],
            "description": "PHP Elliptic Curve Cryptography library",
            "homepage": "https://github.com/mdanter/phpecc",
            "time": "2014-07-07 12:44:15"
        },
        {
            "name": "rhumsaa/array_column",
            "version": "1.1.2",
            "source": {
                "type": "git",
                "url": "https://github.com/ramsey/array_column.git",
                "reference": "c09744baae0e023d1021055f9c65755b88a9721f"
            },
            "dist": {
                "type": "zip",
                "url": "https://api.github.com/repos/ramsey/array_column/zipball/c09744baae0e023d1021055f9c65755b88a9721f",
                "reference": "c09744baae0e023d1021055f9c65755b88a9721f",
                "shasum": ""
            },
            "type": "library",
            "autoload": {
                "files": [
                    "src/array_column.php"
                ]
            },
            "notification-url": "https://packagist.org/downloads/",
            "license": [
                "MIT"
            ],
            "authors": [
                {
                    "name": "Ben Ramsey",
                    "homepage": "http://benramsey.com",
                    "role": "Developer"
                }
            ],
            "description": "Provides functionality for array_column() to projects using PHP earlier than version 5.5.",
            "homepage": "https://github.com/ramsey/array_column",
            "keywords": [
                "array",
                "array_column",
                "column"
            ],
            "time": "2013-07-22 16:12:38"
        },
        {
            "name": "rych/hash_pbkdf2-compat",
            "version": "v1.0.0",
            "source": {
                "type": "git",
                "url": "https://github.com/rchouinard/hash_pbkdf2-compat.git",
                "reference": "04c6ec3c6db6049cbd4970c5c73861b66f9fe731"
            },
            "dist": {
                "type": "zip",
                "url": "https://api.github.com/repos/rchouinard/hash_pbkdf2-compat/zipball/04c6ec3c6db6049cbd4970c5c73861b66f9fe731",
                "reference": "04c6ec3c6db6049cbd4970c5c73861b66f9fe731",
                "shasum": ""
            },
            "require": {
                "ext-hash": "*",
                "php": ">=5.3"
            },
            "require-dev": {
                "phpunit/phpunit": "3.7.*"
            },
            "type": "library",
            "autoload": {
                "files": [
                    "src/hash_pbkdf2_compat.php"
                ]
            },
            "notification-url": "https://packagist.org/downloads/",
            "license": [
                "MIT"
            ],
            "authors": [
                {
                    "name": "Ryan Chouinard",
                    "email": "rchouinard@gmail.com",
                    "homepage": "http://ryanchouinard.com"
                }
            ],
            "description": "Provides hash_pbkdf2() to PHP versions >=5.3,<5.5.",
            "time": "2013-09-22 19:21:02"
        },
        {
            "name": "symfony/http-foundation",
            "version": "v2.6.3",
            "target-dir": "Symfony/Component/HttpFoundation",
            "source": {
                "type": "git",
                "url": "https://github.com/symfony/HttpFoundation.git",
                "reference": "3f4ba2c658be910fe6cec46ed34ee900bd18bb01"
            },
            "dist": {
                "type": "zip",
                "url": "https://api.github.com/repos/symfony/HttpFoundation/zipball/3f4ba2c658be910fe6cec46ed34ee900bd18bb01",
                "reference": "3f4ba2c658be910fe6cec46ed34ee900bd18bb01",
                "shasum": ""
            },
            "require": {
                "php": ">=5.3.3"
            },
            "require-dev": {
                "symfony/expression-language": "~2.4"
            },
            "type": "library",
            "extra": {
                "branch-alias": {
                    "dev-master": "2.6-dev"
                }
            },
            "autoload": {
                "psr-0": {
                    "Symfony\\Component\\HttpFoundation\\": ""
                },
                "classmap": [
                    "Symfony/Component/HttpFoundation/Resources/stubs"
                ]
            },
            "notification-url": "https://packagist.org/downloads/",
            "license": [
                "MIT"
            ],
            "authors": [
                {
                    "name": "Symfony Community",
                    "homepage": "http://symfony.com/contributors"
                },
                {
                    "name": "Fabien Potencier",
                    "email": "fabien@symfony.com"
                }
            ],
            "description": "Symfony HttpFoundation Component",
            "homepage": "http://symfony.com",
            "time": "2015-01-05 17:41:06"
        }
    ],
    "packages-dev": [],
    "aliases": [],
    "minimum-stability": "stable",
    "stability-flags": [],
    "prefer-stable": false,
    "prefer-lowest": false,
    "platform": [],
    "platform-dev": []
}
